
Microsoft Visual Studio Solution File, Format Version 12.00
# Visual Studio Version 17
VisualStudioVersion = 17.11.35222.181
MinimumVisualStudioVersion = 10.0.40219.1
Project("{9A19103F-16F7-4668-BE54-9A1E7A4F7556}") = "DBtest", "DBtest.csproj", "{13F6CDA7-E1FF-481B-8A88-3749878C40B0}"
EndProject
Global
	GlobalSection(SolutionConfigurationPlatforms) = preSolution
		Debug|Any CPU = Debug|Any CPU
		Release|Any CPU = Release|Any CPU
	EndGlobalSection
	GlobalSection(ProjectConfigurationPlatforms) = postSolution
		{13F6CDA7-E1FF-481B-8A88-3749878C40B0}.Debug|Any CPU.ActiveCfg = Debug|Any CPU
		{13F6CDA7-E1FF-481B-8A88-3749878C40B0}.Debug|Any CPU.Build.0 = Debug|Any CPU
		{13F6CDA7-E1FF-481B-8A88-3749878C40B0}.Release|Any CPU.ActiveCfg = Release|Any CPU
		{13F6CDA7-E1FF-481B-8A88-3749878C40B0}.Release|Any CPU.Build.0 = Release|Any CPU
	EndGlobalSection
	GlobalSection(SolutionProperties) = preSolution
		HideSolutionNode = FALSE
	EndGlobalSection
	GlobalSection(ExtensibilityGlobals) = postSolution
		SolutionGuid = {2386A64B-3D40-40C4-A877-AAC9E157CB12}
	EndGlobalSection
EndGlobal
